{
  "originHash" : "0b44617908ad45edce25d81c35cad1292613a6fee536ba27887d5a2b87520a4b",
  "pins" : [
    {
      "identity" : "blahtexml",
      "kind" : "remoteSourceControl",
      "location" : "https://github.com/BruceMcRooster/blahtexml.git",
      "state" : {
        "revision" : "630a2289af5b41b3235e4e263db567b187f30341"
      }
    },
    {
      "identity" : "swiftwstringcompat",
      "kind" : "remoteSourceControl",
      "location" : "https://github.com/BruceMcRooster/SwiftWStringCompat.git",
      "state" : {
        "revision" : "c108c7440cd4ec58a0bd783817a2a5252b77c5af",
        "version" : "1.0.0"
      }
    },
    {
      "identity" : "yams",
      "kind" : "remoteSourceControl",
      "location" : "https://github.com/johnfairh/Yams.git",
      "state" : {
        "branch" : "cyaml-swift-cpp",
        "revision" : "87f0ced9f9682d2b5bb1ae1544a311b663abdd33"
      }
    }
  ],
  "version" : 3
}
